// !$*UTF8*$!
{
	archiveVersion = 1;
	classes = {
	};
	objectVersion = 46;
	objects = {

/* Begin PBXBuildFile section */
		B7FDB6A11817060400F434CE /* Storyboard.storyboard in Resources */ = {isa = PBXBuildFile; fileRef = B7FDB6A01817060400F434CE /* Storyboard.storyboard */; };
		B7FDB6A71817083000F434CE /* NewAccountViewController.m in Sources */ = {isa = PBXBuildFile; fileRef = B7FDB6A61817083000F434CE /* NewAccountViewController.m */; };
		C210716C18229446002A54A3 /* PersonDetailViewController.m in Sources */ = {isa = PBXBuildFile; fileRef = C210716B18229446002A54A3 /* PersonDetailViewController.m */; };
		C210716F18229B44002A54A3 /* SavedUserDetailViewController.m in Sources */ = {isa = PBXBuildFile; fileRef = C210716E18229B44002A54A3 /* SavedUserDetailViewController.m */; };
		C23B07811820104900CC4051 /* FacebookSDK.framework in Frameworks */ = {isa = PBXBuildFile; fileRef = C23B07801820104900CC4051 /* FacebookSDK.framework */; };
		C24680FD182B25740099E46D /* cityscape-01.png in Resources */ = {isa = PBXBuildFile; fileRef = C24680FC182B25740099E46D /* cityscape-01.png */; };
		C2468115182B32FF0099E46D /* libz.dylib in Frameworks */ = {isa = PBXBuildFile; fileRef = C2468108182B29300099E46D /* libz.dylib */; };
		C2540A6E1819A35E0048EF22 /* EditProfileViewController.m in Sources */ = {isa = PBXBuildFile; fileRef = C2540A6D1819A35E0048EF22 /* EditProfileViewController.m */; };
		C2540A771819A3D50048EF22 /* SavedUsersViewController.m in Sources */ = {isa = PBXBuildFile; fileRef = C2540A751819A3D50048EF22 /* SavedUsersViewController.m */; };
		C2540A851819A4A10048EF22 /* MapKit.framework in Frameworks */ = {isa = PBXBuildFile; fileRef = C2540A841819A4A10048EF22 /* MapKit.framework */; };
		C26407811829547A003F93D7 /* Person.m in Sources */ = {isa = PBXBuildFile; fileRef = C26407801829547A003F93D7 /* Person.m */; };
		C264078718297E0F003F93D7 /* ImageCell.m in Sources */ = {isa = PBXBuildFile; fileRef = C264078618297E0F003F93D7 /* ImageCell.m */; };
		C28466BA18187A3600320DB0 /* UserProfileViewController.m in Sources */ = {isa = PBXBuildFile; fileRef = C28466B918187A3600320DB0 /* UserProfileViewController.m */; };
		C29F95CE181DCC3500140BDB /* ResetPasswordViewController.m in Sources */ = {isa = PBXBuildFile; fileRef = C29F95CD181DCC3500140BDB /* ResetPasswordViewController.m */; };
		C2BA79511816DFFD00F25769 /* Foundation.framework in Frameworks */ = {isa = PBXBuildFile; fileRef = C2BA79501816DFFD00F25769 /* Foundation.framework */; };
		C2BA79531816DFFD00F25769 /* CoreGraphics.framework in Frameworks */ = {isa = PBXBuildFile; fileRef = C2BA79521816DFFD00F25769 /* CoreGraphics.framework */; };
		C2BA79551816DFFD00F25769 /* UIKit.framework in Frameworks */ = {isa = PBXBuildFile; fileRef = C2BA79541816DFFD00F25769 /* UIKit.framework */; };
		C2BA79571816DFFD00F25769 /* CoreData.framework in Frameworks */ = {isa = PBXBuildFile; fileRef = C2BA79561816DFFD00F25769 /* CoreData.framework */; };
		C2BA795D1816DFFD00F25769 /* InfoPlist.strings in Resources */ = {isa = PBXBuildFile; fileRef = C2BA795B1816DFFD00F25769 /* InfoPlist.strings */; };
		C2BA795F1816DFFD00F25769 /* main.m in Sources */ = {isa = PBXBuildFile; fileRef = C2BA795E1816DFFD00F25769 /* main.m */; };
		C2BA79631816DFFD00F25769 /* AppDelegate.m in Sources */ = {isa = PBXBuildFile; fileRef = C2BA79621816DFFD00F25769 /* AppDelegate.m */; };
		C2BA79661816DFFD00F25769 /* RememberMe.xcdatamodeld in Sources */ = {isa = PBXBuildFile; fileRef = C2BA79641816DFFD00F25769 /* RememberMe.xcdatamodeld */; };
		C2BA79681816DFFD00F25769 /* Images.xcassets in Resources */ = {isa = PBXBuildFile; fileRef = C2BA79671816DFFD00F25769 /* Images.xcassets */; };
		C2BA796F1816DFFD00F25769 /* XCTest.framework in Frameworks */ = {isa = PBXBuildFile; fileRef = C2BA796E1816DFFD00F25769 /* XCTest.framework */; };
		C2BA79701816DFFD00F25769 /* Foundation.framework in Frameworks */ = {isa = PBXBuildFile; fileRef = C2BA79501816DFFD00F25769 /* Foundation.framework */; };
		C2BA79711816DFFD00F25769 /* UIKit.framework in Frameworks */ = {isa = PBXBuildFile; fileRef = C2BA79541816DFFD00F25769 /* UIKit.framework */; };
		C2BA79721816DFFD00F25769 /* CoreData.framework in Frameworks */ = {isa = PBXBuildFile; fileRef = C2BA79561816DFFD00F25769 /* CoreData.framework */; };
		C2BA797A1816DFFD00F25769 /* InfoPlist.strings in Resources */ = {isa = PBXBuildFile; fileRef = C2BA79781816DFFD00F25769 /* InfoPlist.strings */; };
		C2BA797C1816DFFD00F25769 /* RememberMeTests.m in Sources */ = {isa = PBXBuildFile; fileRef = C2BA797B1816DFFD00F25769 /* RememberMeTests.m */; };
		C2BA79861817018000F25769 /* Parse.framework in Frameworks */ = {isa = PBXBuildFile; fileRef = C2BA79851817018000F25769 /* Parse.framework */; };
		C2BA79881817027D00F25769 /* AudioToolbox.framework in Frameworks */ = {isa = PBXBuildFile; fileRef = C2BA79871817027D00F25769 /* AudioToolbox.framework */; };
		C2BA798A1817028700F25769 /* CFNetwork.framework in Frameworks */ = {isa = PBXBuildFile; fileRef = C2BA79891817028700F25769 /* CFNetwork.framework */; };
		C2BA798C1817029900F25769 /* CoreLocation.framework in Frameworks */ = {isa = PBXBuildFile; fileRef = C2BA798B1817029900F25769 /* CoreLocation.framework */; };
		C2BA798E181702A600F25769 /* libz.1.1.3.dylib in Frameworks */ = {isa = PBXBuildFile; fileRef = C2BA798D181702A600F25769 /* libz.1.1.3.dylib */; };
		C2BA7990181702AF00F25769 /* MobileCoreServices.framework in Frameworks */ = {isa = PBXBuildFile; fileRef = C2BA798F181702AF00F25769 /* MobileCoreServices.framework */; };
		C2BA7992181702B500F25769 /* QuartzCore.framework in Frameworks */ = {isa = PBXBuildFile; fileRef = C2BA7991181702B500F25769 /* QuartzCore.framework */; };
		C2BA7994181702BC00F25769 /* Security.framework in Frameworks */ = {isa = PBXBuildFile; fileRef = C2BA7993181702BC00F25769 /* Security.framework */; };
		C2BA7996181702CA00F25769 /* StoreKit.framework in Frameworks */ = {isa = PBXBuildFile; fileRef = C2BA7995181702CA00F25769 /* StoreKit.framework */; };
		C2BA7998181702D100F25769 /* SystemConfiguration.framework in Frameworks */ = {isa = PBXBuildFile; fileRef = C2BA7997181702D100F25769 /* SystemConfiguration.framework */; };
		C2BC9AFE182B350B00D602B3 /* AdSupport.framework in Frameworks */ = {isa = PBXBuildFile; fileRef = C2BC9AFD182B350B00D602B3 /* AdSupport.framework */; };
		C2BC9B10182B3D5300D602B3 /* libTestFlight.a in Frameworks */ = {isa = PBXBuildFile; fileRef = C2BC9B0A182B3D5300D602B3 /* libTestFlight.a */; };
		C2BC9B11182B3D5300D602B3 /* README.md in Resources */ = {isa = PBXBuildFile; fileRef = C2BC9B0B182B3D5300D602B3 /* README.md */; };
		C2BC9B12182B3D5300D602B3 /* release_notes.md in Resources */ = {isa = PBXBuildFile; fileRef = C2BC9B0C182B3D5300D602B3 /* release_notes.md */; };
		C2BC9B14182BE39400D602B3 /* cityscape-10.png in Resources */ = {isa = PBXBuildFile; fileRef = C2BC9B13182BE39400D602B3 /* cityscape-10.png */; };
		C2ED035518171C91007E1F38 /* LogInViewController.m in Sources */ = {isa = PBXBuildFile; fileRef = C2ED035418171C91007E1F38 /* LogInViewController.m */; };
/* End PBXBuildFile section */

/* Begin PBXContainerItemProxy section */
		C2BA79731816DFFD00F25769 /* PBXContainerItemProxy */ = {
			isa = PBXContainerItemProxy;
			containerPortal = C2BA79451816DFFD00F25769 /* Project object */;
			proxyType = 1;
			remoteGlobalIDString = C2BA794C1816DFFD00F25769;
			remoteInfo = RememberMe;
		};
/* End PBXContainerItemProxy section */

/* Begin PBXFileReference section */
		B7FDB6A01817060400F434CE /* Storyboard.storyboard */ = {isa = PBXFileReference; fileEncoding = 4; lastKnownFileType = file.storyboard; name = Storyboard.storyboard; path = ../Storyboard.storyboard; sourceTree = "<group>"; };
		B7FDB6A51817083000F434CE /* NewAccountViewController.h */ = {isa = PBXFileReference; fileEncoding = 4; lastKnownFileType = sourcecode.c.h; name = NewAccountViewController.h; path = ../NewAccountViewController.h; sourceTree = "<group>"; };
		B7FDB6A61817083000F434CE /* NewAccountViewController.m */ = {isa = PBXFileReference; fileEncoding = 4; lastKnownFileType = sourcecode.c.objc; name = NewAccountViewController.m; path = ../NewAccountViewController.m; sourceTree = "<group>"; };
		C210716A18229446002A54A3 /* PersonDetailViewController.h */ = {isa = PBXFileReference; fileEncoding = 4; lastKnownFileType = sourcecode.c.h; path = PersonDetailViewController.h; sourceTree = "<group>"; };
		C210716B18229446002A54A3 /* PersonDetailViewController.m */ = {isa = PBXFileReference; fileEncoding = 4; lastKnownFileType = sourcecode.c.objc; path = PersonDetailViewController.m; sourceTree = "<group>"; };
		C210716D18229B44002A54A3 /* SavedUserDetailViewController.h */ = {isa = PBXFileReference; fileEncoding = 4; lastKnownFileType = sourcecode.c.h; path = SavedUserDetailViewController.h; sourceTree = "<group>"; };
		C210716E18229B44002A54A3 /* SavedUserDetailViewController.m */ = {isa = PBXFileReference; fileEncoding = 4; lastKnownFileType = sourcecode.c.objc; path = SavedUserDetailViewController.m; sourceTree = "<group>"; };
		C23B07801820104900CC4051 /* FacebookSDK.framework */ = {isa = PBXFileReference; lastKnownFileType = wrapper.framework; path = FacebookSDK.framework; sourceTree = "<group>"; };
		C24680FC182B25740099E46D /* cityscape-01.png */ = {isa = PBXFileReference; lastKnownFileType = image.png; path = "cityscape-01.png"; sourceTree = "<group>"; };
		C2468108182B29300099E46D /* libz.dylib */ = {isa = PBXFileReference; lastKnownFileType = "compiled.mach-o.dylib"; name = libz.dylib; path = usr/lib/libz.dylib; sourceTree = SDKROOT; };
		C2540A6C1819A35E0048EF22 /* EditProfileViewController.h */ = {isa = PBXFileReference; fileEncoding = 4; lastKnownFileType = sourcecode.c.h; path = EditProfileViewController.h; sourceTree = "<group>"; };
		C2540A6D1819A35E0048EF22 /* EditProfileViewController.m */ = {isa = PBXFileReference; fileEncoding = 4; lastKnownFileType = sourcecode.c.objc; path = EditProfileViewController.m; sourceTree = "<group>"; };
		C2540A741819A3D50048EF22 /* SavedUsersViewController.h */ = {isa = PBXFileReference; fileEncoding = 4; lastKnownFileType = sourcecode.c.h; path = SavedUsersViewController.h; sourceTree = "<group>"; };
		C2540A751819A3D50048EF22 /* SavedUsersViewController.m */ = {isa = PBXFileReference; fileEncoding = 4; lastKnownFileType = sourcecode.c.objc; path = SavedUsersViewController.m; sourceTree = "<group>"; };
		C2540A841819A4A10048EF22 /* MapKit.framework */ = {isa = PBXFileReference; lastKnownFileType = wrapper.framework; name = MapKit.framework; path = System/Library/Frameworks/MapKit.framework; sourceTree = SDKROOT; };
		C264077F1829547A003F93D7 /* Person.h */ = {isa = PBXFileReference; fileEncoding = 4; lastKnownFileType = sourcecode.c.h; path = Person.h; sourceTree = "<group>"; };
		C26407801829547A003F93D7 /* Person.m */ = {isa = PBXFileReference; fileEncoding = 4; lastKnownFileType = sourcecode.c.objc; path = Person.m; sourceTree = "<group>"; };
		C264078518297E0F003F93D7 /* ImageCell.h */ = {isa = PBXFileReference; fileEncoding = 4; lastKnownFileType = sourcecode.c.h; path = ImageCell.h; sourceTree = "<group>"; };
		C264078618297E0F003F93D7 /* ImageCell.m */ = {isa = PBXFileReference; fileEncoding = 4; lastKnownFileType = sourcecode.c.objc; path = ImageCell.m; sourceTree = "<group>"; };
		C28466B818187A3600320DB0 /* UserProfileViewController.h */ = {isa = PBXFileReference; fileEncoding = 4; lastKnownFileType = sourcecode.c.h; name = UserProfileViewController.h; path = ../UserProfileViewController.h; sourceTree = "<group>"; };
		C28466B918187A3600320DB0 /* UserProfileViewController.m */ = {isa = PBXFileReference; fileEncoding = 4; lastKnownFileType = sourcecode.c.objc; name = UserProfileViewController.m; path = ../UserProfileViewController.m; sourceTree = "<group>"; };
		C29F95CC181DCC3500140BDB /* ResetPasswordViewController.h */ = {isa = PBXFileReference; fileEncoding = 4; lastKnownFileType = sourcecode.c.h; path = ResetPasswordViewController.h; sourceTree = "<group>"; };
		C29F95CD181DCC3500140BDB /* ResetPasswordViewController.m */ = {isa = PBXFileReference; fileEncoding = 4; lastKnownFileType = sourcecode.c.objc; path = ResetPasswordViewController.m; sourceTree = "<group>"; };
		C2BA794D1816DFFD00F25769 /* RememberMe.app */ = {isa = PBXFileReference; explicitFileType = wrapper.application; includeInIndex = 0; path = RememberMe.app; sourceTree = BUILT_PRODUCTS_DIR; };
		C2BA79501816DFFD00F25769 /* Foundation.framework */ = {isa = PBXFileReference; lastKnownFileType = wrapper.framework; name = Foundation.framework; path = System/Library/Frameworks/Foundation.framework; sourceTree = SDKROOT; };
		C2BA79521816DFFD00F25769 /* CoreGraphics.framework */ = {isa = PBXFileReference; lastKnownFileType = wrapper.framework; name = CoreGraphics.framework; path = System/Library/Frameworks/CoreGraphics.framework; sourceTree = SDKROOT; };
		C2BA79541816DFFD00F25769 /* UIKit.framework */ = {isa = PBXFileReference; lastKnownFileType = wrapper.framework; name = UIKit.framework; path = System/Library/Frameworks/UIKit.framework; sourceTree = SDKROOT; };
		C2BA79561816DFFD00F25769 /* CoreData.framework */ = {isa = PBXFileReference; lastKnownFileType = wrapper.framework; name = CoreData.framework; path = System/Library/Frameworks/CoreData.framework; sourceTree = SDKROOT; };
		C2BA795A1816DFFD00F25769 /* RememberMe-Info.plist */ = {isa = PBXFileReference; lastKnownFileType = text.plist.xml; path = "RememberMe-Info.plist"; sourceTree = "<group>"; };
		C2BA795C1816DFFD00F25769 /* en */ = {isa = PBXFileReference; lastKnownFileType = text.plist.strings; name = en; path = en.lproj/InfoPlist.strings; sourceTree = "<group>"; };
		C2BA795E1816DFFD00F25769 /* main.m */ = {isa = PBXFileReference; lastKnownFileType = sourcecode.c.objc; path = main.m; sourceTree = "<group>"; };
		C2BA79601816DFFD00F25769 /* RememberMe-Prefix.pch */ = {isa = PBXFileReference; lastKnownFileType = sourcecode.c.h; path = "RememberMe-Prefix.pch"; sourceTree = "<group>"; };
		C2BA79611816DFFD00F25769 /* AppDelegate.h */ = {isa = PBXFileReference; lastKnownFileType = sourcecode.c.h; path = AppDelegate.h; sourceTree = "<group>"; };
		C2BA79621816DFFD00F25769 /* AppDelegate.m */ = {isa = PBXFileReference; lastKnownFileType = sourcecode.c.objc; path = AppDelegate.m; sourceTree = "<group>"; };
		C2BA79651816DFFD00F25769 /* RememberMe.xcdatamodel */ = {isa = PBXFileReference; lastKnownFileType = wrapper.xcdatamodel; path = RememberMe.xcdatamodel; sourceTree = "<group>"; };
		C2BA79671816DFFD00F25769 /* Images.xcassets */ = {isa = PBXFileReference; lastKnownFileType = folder.assetcatalog; path = Images.xcassets; sourceTree = "<group>"; };
		C2BA796D1816DFFD00F25769 /* RememberMeTests.xctest */ = {isa = PBXFileReference; explicitFileType = wrapper.cfbundle; includeInIndex = 0; path = RememberMeTests.xctest; sourceTree = BUILT_PRODUCTS_DIR; };
		C2BA796E1816DFFD00F25769 /* XCTest.framework */ = {isa = PBXFileReference; lastKnownFileType = wrapper.framework; name = XCTest.framework; path = Library/Frameworks/XCTest.framework; sourceTree = DEVELOPER_DIR; };
		C2BA79771816DFFD00F25769 /* RememberMeTests-Info.plist */ = {isa = PBXFileReference; lastKnownFileType = text.plist.xml; path = "RememberMeTests-Info.plist"; sourceTree = "<group>"; };
		C2BA79791816DFFD00F25769 /* en */ = {isa = PBXFileReference; lastKnownFileType = text.plist.strings; name = en; path = en.lproj/InfoPlist.strings; sourceTree = "<group>"; };
		C2BA797B1816DFFD00F25769 /* RememberMeTests.m */ = {isa = PBXFileReference; lastKnownFileType = sourcecode.c.objc; path = RememberMeTests.m; sourceTree = "<group>"; };
		C2BA79851817018000F25769 /* Parse.framework */ = {isa = PBXFileReference; lastKnownFileType = wrapper.framework; path = Parse.framework; sourceTree = "<group>"; };
		C2BA79871817027D00F25769 /* AudioToolbox.framework */ = {isa = PBXFileReference; lastKnownFileType = wrapper.framework; name = AudioToolbox.framework; path = System/Library/Frameworks/AudioToolbox.framework; sourceTree = SDKROOT; };
		C2BA79891817028700F25769 /* CFNetwork.framework */ = {isa = PBXFileReference; lastKnownFileType = wrapper.framework; name = CFNetwork.framework; path = System/Library/Frameworks/CFNetwork.framework; sourceTree = SDKROOT; };
		C2BA798B1817029900F25769 /* CoreLocation.framework */ = {isa = PBXFileReference; lastKnownFileType = wrapper.framework; name = CoreLocation.framework; path = System/Library/Frameworks/CoreLocation.framework; sourceTree = SDKROOT; };
		C2BA798D181702A600F25769 /* libz.1.1.3.dylib */ = {isa = PBXFileReference; lastKnownFileType = "compiled.mach-o.dylib"; name = libz.1.1.3.dylib; path = usr/lib/libz.1.1.3.dylib; sourceTree = SDKROOT; };
		C2BA798F181702AF00F25769 /* MobileCoreServices.framework */ = {isa = PBXFileReference; lastKnownFileType = wrapper.framework; name = MobileCoreServices.framework; path = System/Library/Frameworks/MobileCoreServices.framework; sourceTree = SDKROOT; };
		C2BA7991181702B500F25769 /* QuartzCore.framework */ = {isa = PBXFileReference; lastKnownFileType = wrapper.framework; name = QuartzCore.framework; path = System/Library/Frameworks/QuartzCore.framework; sourceTree = SDKROOT; };
		C2BA7993181702BC00F25769 /* Security.framework */ = {isa = PBXFileReference; lastKnownFileType = wrapper.framework; name = Security.framework; path = System/Library/Frameworks/Security.framework; sourceTree = SDKROOT; };
		C2BA7995181702CA00F25769 /* StoreKit.framework */ = {isa = PBXFileReference; lastKnownFileType = wrapper.framework; name = StoreKit.framework; path = System/Library/Frameworks/StoreKit.framework; sourceTree = SDKROOT; };
		C2BA7997181702D100F25769 /* SystemConfiguration.framework */ = {isa = PBXFileReference; lastKnownFileType = wrapper.framework; name = SystemConfiguration.framework; path = System/Library/Frameworks/SystemConfiguration.framework; sourceTree = SDKROOT; };
		C2BC9AFD182B350B00D602B3 /* AdSupport.framework */ = {isa = PBXFileReference; lastKnownFileType = wrapper.framework; name = AdSupport.framework; path = System/Library/Frameworks/AdSupport.framework; sourceTree = SDKROOT; };
		C2BC9B0A182B3D5300D602B3 /* libTestFlight.a */ = {isa = PBXFileReference; lastKnownFileType = archive.ar; path = libTestFlight.a; sourceTree = "<group>"; };
		C2BC9B0B182B3D5300D602B3 /* README.md */ = {isa = PBXFileReference; fileEncoding = 4; lastKnownFileType = text; path = README.md; sourceTree = "<group>"; };
		C2BC9B0C182B3D5300D602B3 /* release_notes.md */ = {isa = PBXFileReference; fileEncoding = 4; lastKnownFileType = text; path = release_notes.md; sourceTree = "<group>"; };
		C2BC9B0D182B3D5300D602B3 /* TestFlight+AsyncLogging.h */ = {isa = PBXFileReference; fileEncoding = 4; lastKnownFileType = sourcecode.c.h; path = "TestFlight+AsyncLogging.h"; sourceTree = "<group>"; };
		C2BC9B0E182B3D5300D602B3 /* TestFlight+ManualSessions.h */ = {isa = PBXFileReference; fileEncoding = 4; lastKnownFileType = sourcecode.c.h; path = "TestFlight+ManualSessions.h"; sourceTree = "<group>"; };
		C2BC9B0F182B3D5300D602B3 /* TestFlight.h */ = {isa = PBXFileReference; fileEncoding = 4; lastKnownFileType = sourcecode.c.h; path = TestFlight.h; sourceTree = "<group>"; };
		C2BC9B13182BE39400D602B3 /* cityscape-10.png */ = {isa = PBXFileReference; lastKnownFileType = image.png; path = "cityscape-10.png"; sourceTree = "<group>"; };
		C2ED035318171C91007E1F38 /* LogInViewController.h */ = {isa = PBXFileReference; fileEncoding = 4; lastKnownFileType = sourcecode.c.h; path = LogInViewController.h; sourceTree = "<group>"; };
		C2ED035418171C91007E1F38 /* LogInViewController.m */ = {isa = PBXFileReference; fileEncoding = 4; lastKnownFileType = sourcecode.c.objc; path = LogInViewController.m; sourceTree = "<group>"; };
/* End PBXFileReference section */

/* Begin PBXFrameworksBuildPhase section */
		C2BA794A1816DFFD00F25769 /* Frameworks */ = {
			isa = PBXFrameworksBuildPhase;
			buildActionMask = 2147483647;
			files = (
				C2BC9B10182B3D5300D602B3 /* libTestFlight.a in Frameworks */,
				C2BC9AFE182B350B00D602B3 /* AdSupport.framework in Frameworks */,
				C2468115182B32FF0099E46D /* libz.dylib in Frameworks */,
				C2540A851819A4A10048EF22 /* MapKit.framework in Frameworks */,
				C2BA798C1817029900F25769 /* CoreLocation.framework in Frameworks */,
				C2BA7998181702D100F25769 /* SystemConfiguration.framework in Frameworks */,
				C2BA7996181702CA00F25769 /* StoreKit.framework in Frameworks */,
				C2BA7994181702BC00F25769 /* Security.framework in Frameworks */,
				C2BA7992181702B500F25769 /* QuartzCore.framework in Frameworks */,
				C2BA7990181702AF00F25769 /* MobileCoreServices.framework in Frameworks */,
				C2BA798E181702A600F25769 /* libz.1.1.3.dylib in Frameworks */,
				C2BA79531816DFFD00F25769 /* CoreGraphics.framework in Frameworks */,
				C2BA798A1817028700F25769 /* CFNetwork.framework in Frameworks */,
				C2BA79881817027D00F25769 /* AudioToolbox.framework in Frameworks */,
				C2BA79571816DFFD00F25769 /* CoreData.framework in Frameworks */,
				C2BA79551816DFFD00F25769 /* UIKit.framework in Frameworks */,
				C23B07811820104900CC4051 /* FacebookSDK.framework in Frameworks */,
				C2BA79511816DFFD00F25769 /* Foundation.framework in Frameworks */,
				C2BA79861817018000F25769 /* Parse.framework in Frameworks */,
			);
			runOnlyForDeploymentPostprocessing = 0;
		};
		C2BA796A1816DFFD00F25769 /* Frameworks */ = {
			isa = PBXFrameworksBuildPhase;
			buildActionMask = 2147483647;
			files = (
				C2BA796F1816DFFD00F25769 /* XCTest.framework in Frameworks */,
				C2BA79721816DFFD00F25769 /* CoreData.framework in Frameworks */,
				C2BA79711816DFFD00F25769 /* UIKit.framework in Frameworks */,
				C2BA79701816DFFD00F25769 /* Foundation.framework in Frameworks */,
			);
			runOnlyForDeploymentPostprocessing = 0;
		};
/* End PBXFrameworksBuildPhase section */

/* Begin PBXGroup section */
		C21071731822C051002A54A3 /* ViewControllers */ = {
			isa = PBXGroup;
			children = (
				C28466B818187A3600320DB0 /* UserProfileViewController.h */,
				C28466B918187A3600320DB0 /* UserProfileViewController.m */,
				C210716D18229B44002A54A3 /* SavedUserDetailViewController.h */,
				C210716E18229B44002A54A3 /* SavedUserDetailViewController.m */,
				C2540A741819A3D50048EF22 /* SavedUsersViewController.h */,
				C2540A751819A3D50048EF22 /* SavedUsersViewController.m */,
				B7FDB6A51817083000F434CE /* NewAccountViewController.h */,
				B7FDB6A61817083000F434CE /* NewAccountViewController.m */,
				C210716A18229446002A54A3 /* PersonDetailViewController.h */,
				C210716B18229446002A54A3 /* PersonDetailViewController.m */,
				C29F95CC181DCC3500140BDB /* ResetPasswordViewController.h */,
				C29F95CD181DCC3500140BDB /* ResetPasswordViewController.m */,
				C2540A6D1819A35E0048EF22 /* EditProfileViewController.m */,
				C2540A6C1819A35E0048EF22 /* EditProfileViewController.h */,
				C2ED035418171C91007E1F38 /* LogInViewController.m */,
				C2ED035318171C91007E1F38 /* LogInViewController.h */,
			);
			name = ViewControllers;
			sourceTree = "<group>";
		};
		C2BA79441816DFFD00F25769 = {
			isa = PBXGroup;
			children = (
				C2BC9B09182B3D5300D602B3 /* TestFlightSDK2.1.1 */,
				C2BA79581816DFFD00F25769 /* RememberMe */,
				C2BA79751816DFFD00F25769 /* RememberMeTests */,
				C2BA794F1816DFFD00F25769 /* Frameworks */,
				C2BA794E1816DFFD00F25769 /* Products */,
			);
			sourceTree = "<group>";
		};
		C2BA794E1816DFFD00F25769 /* Products */ = {
			isa = PBXGroup;
			children = (
				C2BA794D1816DFFD00F25769 /* RememberMe.app */,
				C2BA796D1816DFFD00F25769 /* RememberMeTests.xctest */,
			);
			name = Products;
			sourceTree = "<group>";
		};
		C2BA794F1816DFFD00F25769 /* Frameworks */ = {
			isa = PBXGroup;
			children = (
				C2BC9AFD182B350B00D602B3 /* AdSupport.framework */,
				C2468108182B29300099E46D /* libz.dylib */,
				C23B07801820104900CC4051 /* FacebookSDK.framework */,
				C2540A841819A4A10048EF22 /* MapKit.framework */,
				C2BA7997181702D100F25769 /* SystemConfiguration.framework */,
				C2BA7995181702CA00F25769 /* StoreKit.framework */,
				C2BA7993181702BC00F25769 /* Security.framework */,
				C2BA7991181702B500F25769 /* QuartzCore.framework */,
				C2BA798F181702AF00F25769 /* MobileCoreServices.framework */,
				C2BA798D181702A600F25769 /* libz.1.1.3.dylib */,
				C2BA798B1817029900F25769 /* CoreLocation.framework */,
				C2BA79891817028700F25769 /* CFNetwork.framework */,
				C2BA79871817027D00F25769 /* AudioToolbox.framework */,
				C2BA79851817018000F25769 /* Parse.framework */,
				C2BA79501816DFFD00F25769 /* Foundation.framework */,
				C2BA79521816DFFD00F25769 /* CoreGraphics.framework */,
				C2BA79541816DFFD00F25769 /* UIKit.framework */,
				C2BA79561816DFFD00F25769 /* CoreData.framework */,
				C2BA796E1816DFFD00F25769 /* XCTest.framework */,
			);
			name = Frameworks;
			sourceTree = "<group>";
		};
		C2BA79581816DFFD00F25769 /* RememberMe */ = {
			isa = PBXGroup;
			children = (
				C2ED035218171BB2007E1F38 /* Pictures */,
				C2BA79621816DFFD00F25769 /* AppDelegate.m */,
				C2BA79611816DFFD00F25769 /* AppDelegate.h */,
				B7FDB6A01817060400F434CE /* Storyboard.storyboard */,
				C264078518297E0F003F93D7 /* ImageCell.h */,
				C264078618297E0F003F93D7 /* ImageCell.m */,
				C264077F1829547A003F93D7 /* Person.h */,
				C26407801829547A003F93D7 /* Person.m */,
				C21071731822C051002A54A3 /* ViewControllers */,
				C2BA79671816DFFD00F25769 /* Images.xcassets */,
				C2BA79641816DFFD00F25769 /* RememberMe.xcdatamodeld */,
				C2BA79591816DFFD00F25769 /* Supporting Files */,
			);
			path = RememberMe;
			sourceTree = "<group>";
		};
		C2BA79591816DFFD00F25769 /* Supporting Files */ = {
			isa = PBXGroup;
			children = (
				C2BA795A1816DFFD00F25769 /* RememberMe-Info.plist */,
				C2BA795B1816DFFD00F25769 /* InfoPlist.strings */,
				C2BA795E1816DFFD00F25769 /* main.m */,
				C2BA79601816DFFD00F25769 /* RememberMe-Prefix.pch */,
			);
			name = "Supporting Files";
			sourceTree = "<group>";
		};
		C2BA79751816DFFD00F25769 /* RememberMeTests */ = {
			isa = PBXGroup;
			children = (
				C2BA797B1816DFFD00F25769 /* RememberMeTests.m */,
				C2BA79761816DFFD00F25769 /* Supporting Files */,
			);
			path = RememberMeTests;
			sourceTree = "<group>";
		};
		C2BA79761816DFFD00F25769 /* Supporting Files */ = {
			isa = PBXGroup;
			children = (
				C2BA79771816DFFD00F25769 /* RememberMeTests-Info.plist */,
				C2BA79781816DFFD00F25769 /* InfoPlist.strings */,
			);
			name = "Supporting Files";
			sourceTree = "<group>";
		};
		C2BC9B09182B3D5300D602B3 /* TestFlightSDK2.1.1 */ = {
			isa = PBXGroup;
			children = (
				C2BC9B0A182B3D5300D602B3 /* libTestFlight.a */,
				C2BC9B0B182B3D5300D602B3 /* README.md */,
				C2BC9B0C182B3D5300D602B3 /* release_notes.md */,
				C2BC9B0D182B3D5300D602B3 /* TestFlight+AsyncLogging.h */,
				C2BC9B0E182B3D5300D602B3 /* TestFlight+ManualSessions.h */,
				C2BC9B0F182B3D5300D602B3 /* TestFlight.h */,
			);
			path = TestFlightSDK2.1.1;
			sourceTree = "<group>";
		};
		C2ED035218171BB2007E1F38 /* Pictures */ = {
			isa = PBXGroup;
			children = (
				C2BC9B13182BE39400D602B3 /* cityscape-10.png */,
				C24680FC182B25740099E46D /* cityscape-01.png */,
			);
			name = Pictures;
			sourceTree = "<group>";
		};
/* End PBXGroup section */

/* Begin PBXNativeTarget section */
		C2BA794C1816DFFD00F25769 /* RememberMe */ = {
			isa = PBXNativeTarget;
			buildConfigurationList = C2BA797F1816DFFD00F25769 /* Build configuration list for PBXNativeTarget "RememberMe" */;
			buildPhases = (
				C2BA79491816DFFD00F25769 /* Sources */,
				C2BA794A1816DFFD00F25769 /* Frameworks */,
				C2BA794B1816DFFD00F25769 /* Resources */,
			);
			buildRules = (
			);
			dependencies = (
			);
			name = RememberMe;
			productName = RememberMe;
			productReference = C2BA794D1816DFFD00F25769 /* RememberMe.app */;
			productType = "com.apple.product-type.application";
		};
		C2BA796C1816DFFD00F25769 /* RememberMeTests */ = {
			isa = PBXNativeTarget;
			buildConfigurationList = C2BA79821816DFFD00F25769 /* Build configuration list for PBXNativeTarget "RememberMeTests" */;
			buildPhases = (
				C2BA79691816DFFD00F25769 /* Sources */,
				C2BA796A1816DFFD00F25769 /* Frameworks */,
				C2BA796B1816DFFD00F25769 /* Resources */,
			);
			buildRules = (
			);
			dependencies = (
				C2BA79741816DFFD00F25769 /* PBXTargetDependency */,
			);
			name = RememberMeTests;
			productName = RememberMeTests;
			productReference = C2BA796D1816DFFD00F25769 /* RememberMeTests.xctest */;
			productType = "com.apple.product-type.bundle.unit-test";
		};
/* End PBXNativeTarget section */

/* Begin PBXProject section */
		C2BA79451816DFFD00F25769 /* Project object */ = {
			isa = PBXProject;
			attributes = {
				LastUpgradeCheck = 0500;
				ORGANIZATIONNAME = "Daniel Baldwin & Ibrahim Ayad";
				TargetAttributes = {
					C2BA794C1816DFFD00F25769 = {
						DevelopmentTeam = AWBGJR4PY5;
					};
					C2BA796C1816DFFD00F25769 = {
						TestTargetID = C2BA794C1816DFFD00F25769;
					};
				};
			};
			buildConfigurationList = C2BA79481816DFFD00F25769 /* Build configuration list for PBXProject "RememberMe" */;
			compatibilityVersion = "Xcode 3.2";
			developmentRegion = English;
			hasScannedForEncodings = 0;
			knownRegions = (
				en,
			);
			mainGroup = C2BA79441816DFFD00F25769;
			productRefGroup = C2BA794E1816DFFD00F25769 /* Products */;
			projectDirPath = "";
			projectRoot = "";
			targets = (
				C2BA794C1816DFFD00F25769 /* RememberMe */,
				C2BA796C1816DFFD00F25769 /* RememberMeTests */,
			);
		};
/* End PBXProject section */

/* Begin PBXResourcesBuildPhase section */
		C2BA794B1816DFFD00F25769 /* Resources */ = {
			isa = PBXResourcesBuildPhase;
			buildActionMask = 2147483647;
			files = (
				C2BC9B12182B3D5300D602B3 /* release_notes.md in Resources */,
				C2BC9B14182BE39400D602B3 /* cityscape-10.png in Resources */,
				C2BA795D1816DFFD00F25769 /* InfoPlist.strings in Resources */,
				C2BA79681816DFFD00F25769 /* Images.xcassets in Resources */,
				C2BC9B11182B3D5300D602B3 /* README.md in Resources */,
				B7FDB6A11817060400F434CE /* Storyboard.storyboard in Resources */,
				C24680FD182B25740099E46D /* cityscape-01.png in Resources */,
			);
			runOnlyForDeploymentPostprocessing = 0;
		};
		C2BA796B1816DFFD00F25769 /* Resources */ = {
			isa = PBXResourcesBuildPhase;
			buildActionMask = 2147483647;
			files = (
				C2BA797A1816DFFD00F25769 /* InfoPlist.strings in Resources */,
			);
			runOnlyForDeploymentPostprocessing = 0;
		};
/* End PBXResourcesBuildPhase section */

/* Begin PBXSourcesBuildPhase section */
		C2BA79491816DFFD00F25769 /* Sources */ = {
			isa = PBXSourcesBuildPhase;
			buildActionMask = 2147483647;
			files = (
				C2BA79631816DFFD00F25769 /* AppDelegate.m in Sources */,
				C2BA795F1816DFFD00F25769 /* main.m in Sources */,
				C26407811829547A003F93D7 /* Person.m in Sources */,
				C2540A6E1819A35E0048EF22 /* EditProfileViewController.m in Sources */,
				C2ED035518171C91007E1F38 /* LogInViewController.m in Sources */,
				C210716F18229B44002A54A3 /* SavedUserDetailViewController.m in Sources */,
				C29F95CE181DCC3500140BDB /* ResetPasswordViewController.m in Sources */,
				C264078718297E0F003F93D7 /* ImageCell.m in Sources */,
				C2BA79661816DFFD00F25769 /* RememberMe.xcdatamodeld in Sources */,
				C210716C18229446002A54A3 /* PersonDetailViewController.m in Sources */,
				C28466BA18187A3600320DB0 /* UserProfileViewController.m in Sources */,
				B7FDB6A71817083000F434CE /* NewAccountViewController.m in Sources */,
				C2540A771819A3D50048EF22 /* SavedUsersViewController.m in Sources */,
			);
			runOnlyForDeploymentPostprocessing = 0;
		};
		C2BA79691816DFFD00F25769 /* Sources */ = {
			isa = PBXSourcesBuildPhase;
			buildActionMask = 2147483647;
			files = (
				C2BA797C1816DFFD00F25769 /* RememberMeTests.m in Sources */,
			);
			runOnlyForDeploymentPostprocessing = 0;
		};
/* End PBXSourcesBuildPhase section */

/* Begin PBXTargetDependency section */
		C2BA79741816DFFD00F25769 /* PBXTargetDependency */ = {
			isa = PBXTargetDependency;
			target = C2BA794C1816DFFD00F25769 /* RememberMe */;
			targetProxy = C2BA79731816DFFD00F25769 /* PBXContainerItemProxy */;
		};
/* End PBXTargetDependency section */

/* Begin PBXVariantGroup section */
		C2BA795B1816DFFD00F25769 /* InfoPlist.strings */ = {
			isa = PBXVariantGroup;
			children = (
				C2BA795C1816DFFD00F25769 /* en */,
			);
			name = InfoPlist.strings;
			sourceTree = "<group>";
		};
		C2BA79781816DFFD00F25769 /* InfoPlist.strings */ = {
			isa = PBXVariantGroup;
			children = (
				C2BA79791816DFFD00F25769 /* en */,
			);
			name = InfoPlist.strings;
			sourceTree = "<group>";
		};
/* End PBXVariantGroup section */

/* Begin XCBuildConfiguration section */
		C2BA797D1816DFFD00F25769 /* Debug */ = {
			isa = XCBuildConfiguration;
			buildSettings = {
				ALWAYS_SEARCH_USER_PATHS = NO;
				ARCHS = "$(ARCHS_STANDARD_INCLUDING_64_BIT)";
				CLANG_CXX_LANGUAGE_STANDARD = "gnu++0x";
				CLANG_CXX_LIBRARY = "libc++";
				CLANG_ENABLE_MODULES = YES;
				CLANG_ENABLE_OBJC_ARC = YES;
				CLANG_WARN_BOOL_CONVERSION = YES;
				CLANG_WARN_CONSTANT_CONVERSION = YES;
				CLANG_WARN_DIRECT_OBJC_ISA_USAGE = YES_ERROR;
				CLANG_WARN_EMPTY_BODY = YES;
				CLANG_WARN_ENUM_CONVERSION = YES;
				CLANG_WARN_INT_CONVERSION = YES;
				CLANG_WARN_OBJC_ROOT_CLASS = YES_ERROR;
				CLANG_WARN__DUPLICATE_METHOD_MATCH = YES;
				"CODE_SIGN_IDENTITY[sdk=iphoneos*]" = "iPhone Developer";
				COPY_PHASE_STRIP = NO;
				GCC_C_LANGUAGE_STANDARD = gnu99;
				GCC_DYNAMIC_NO_PIC = NO;
				GCC_OPTIMIZATION_LEVEL = 0;
				GCC_PREPROCESSOR_DEFINITIONS = (
					"DEBUG=1",
					"$(inherited)",
				);
				GCC_SYMBOLS_PRIVATE_EXTERN = NO;
				GCC_WARN_64_TO_32_BIT_CONVERSION = YES;
				GCC_WARN_ABOUT_RETURN_TYPE = YES_ERROR;
				GCC_WARN_UNDECLARED_SELECTOR = YES;
				GCC_WARN_UNINITIALIZED_AUTOS = YES;
				GCC_WARN_UNUSED_FUNCTION = YES;
				GCC_WARN_UNUSED_VARIABLE = YES;
				IPHONEOS_DEPLOYMENT_TARGET = 7.0;
				ONLY_ACTIVE_ARCH = YES;
				SDKROOT = iphoneos;
			};
			name = Debug;
		};
		C2BA797E1816DFFD00F25769 /* Release */ = {
			isa = XCBuildConfiguration;
			buildSettings = {
				ALWAYS_SEARCH_USER_PATHS = NO;
				ARCHS = "$(ARCHS_STANDARD_INCLUDING_64_BIT)";
				CLANG_CXX_LANGUAGE_STANDARD = "gnu++0x";
				CLANG_CXX_LIBRARY = "libc++";
				CLANG_ENABLE_MODULES = YES;
				CLANG_ENABLE_OBJC_ARC = YES;
				CLANG_WARN_BOOL_CONVERSION = YES;
				CLANG_WARN_CONSTANT_CONVERSION = YES;
				CLANG_WARN_DIRECT_OBJC_ISA_USAGE = YES_ERROR;
				CLANG_WARN_EMPTY_BODY = YES;
				CLANG_WARN_ENUM_CONVERSION = YES;
				CLANG_WARN_INT_CONVERSION = YES;
				CLANG_WARN_OBJC_ROOT_CLASS = YES_ERROR;
				CLANG_WARN__DUPLICATE_METHOD_MATCH = YES;
				"CODE_SIGN_IDENTITY[sdk=iphoneos*]" = "iPhone Developer";
				COPY_PHASE_STRIP = YES;
				ENABLE_NS_ASSERTIONS = NO;
				GCC_C_LANGUAGE_STANDARD = gnu99;
				GCC_WARN_64_TO_32_BIT_CONVERSION = YES;
				GCC_WARN_ABOUT_RETURN_TYPE = YES_ERROR;
				GCC_WARN_UNDECLARED_SELECTOR = YES;
				GCC_WARN_UNINITIALIZED_AUTOS = YES;
				GCC_WARN_UNUSED_FUNCTION = YES;
				GCC_WARN_UNUSED_VARIABLE = YES;
				IPHONEOS_DEPLOYMENT_TARGET = 7.0;
				SDKROOT = iphoneos;
				VALIDATE_PRODUCT = YES;
			};
			name = Release;
		};
		C2BA79801816DFFD00F25769 /* Debug */ = {
			isa = XCBuildConfiguration;
			buildSettings = {
				ASSETCATALOG_COMPILER_APPICON_NAME = AppIcon;
				ASSETCATALOG_COMPILER_LAUNCHIMAGE_NAME = LaunchImage;
				CODE_SIGN_IDENTITY = "iPhone Developer: Daniel Baldwin (RR459NXT2Y)";
				"CODE_SIGN_IDENTITY[sdk=iphoneos*]" = "iPhone Developer: Daniel Baldwin (RR459NXT2Y)";
				FRAMEWORK_SEARCH_PATHS = (
					"$(inherited)",
					"$(PROJECT_DIR)",
					/Users/danielbaldwin/Dropbox/RememberMe,
				);
				GCC_PRECOMPILE_PREFIX_HEADER = YES;
				GCC_PREFIX_HEADER = "RememberMe/RememberMe-Prefix.pch";
				INFOPLIST_FILE = "RememberMe/RememberMe-Info.plist";
				LIBRARY_SEARCH_PATHS = (
					"$(inherited)",
					/Users/danielbaldwin/Dropbox/RememberMe/TestFlightSDK2.0.2,
					/Users/danielbaldwin/Dropbox/RememberMe/RememberMe/TestFlightSDK2.0.2,
					/Users/danielbaldwin/Dropbox/RememberMe/TestFlightSDK2.1.1,
				);
				PRODUCT_NAME = "$(TARGET_NAME)";
				PROVISIONING_PROFILE = "548E6324-03E8-4292-9839-E4540780ECD3";
				TARGETED_DEVICE_FAMILY = 1;
				WRAPPER_EXTENSION = app;
			};
			name = Debug;
		};
		C2BA79811816DFFD00F25769 /* Release */ = {
			isa = XCBuildConfiguration;
			buildSettings = {
				ASSETCATALOG_COMPILER_APPICON_NAME = AppIcon;
				ASSETCATALOG_COMPILER_LAUNCHIMAGE_NAME = LaunchImage;
				CODE_SIGN_IDENTITY = "iPhone Developer: Daniel Baldwin (RR459NXT2Y)";
				"CODE_SIGN_IDENTITY[sdk=iphoneos*]" = "iPhone Developer: Daniel Baldwin (RR459NXT2Y)";
				FRAMEWORK_SEARCH_PATHS = (
					"$(inherited)",
					"$(PROJECT_DIR)",
					/Users/danielbaldwin/Dropbox/RememberMe,
				);
				GCC_PRECOMPILE_PREFIX_HEADER = YES;
				GCC_PREFIX_HEADER = "RememberMe/RememberMe-Prefix.pch";
				INFOPLIST_FILE = "RememberMe/RememberMe-Info.plist";
				LIBRARY_SEARCH_PATHS = (
					"$(inherited)",
					/Users/danielbaldwin/Dropbox/RememberMe/TestFlightSDK2.0.2,
					/Users/danielbaldwin/Dropbox/RememberMe/RememberMe/TestFlightSDK2.0.2,
					/Users/danielbaldwin/Dropbox/RememberMe/TestFlightSDK2.1.1,
				);
				PRODUCT_NAME = "$(TARGET_NAME)";
				PROVISIONING_PROFILE = "548E6324-03E8-4292-9839-E4540780ECD3";
				TARGETED_DEVICE_FAMILY = 1;
				WRAPPER_EXTENSION = app;
			};
			name = Release;
		};
		C2BA79831816DFFD00F25769 /* Debug */ = {
			isa = XCBuildConfiguration;
			buildSettings = {
				ARCHS = "$(ARCHS_STANDARD_INCLUDING_64_BIT)";
				BUNDLE_LOADER = "$(BUILT_PRODUCTS_DIR)/RememberMe.app/RememberMe";
				FRAMEWORK_SEARCH_PATHS = (
					"$(SDKROOT)/Developer/Library/Frameworks",
					"$(inherited)",
					"$(DEVELOPER_FRAMEWORKS_DIR)",
				);
				GCC_PRECOMPILE_PREFIX_HEADER = YES;
				GCC_PREFIX_HEADER = "RememberMe/RememberMe-Prefix.pch";
				GCC_PREPROCESSOR_DEFINITIONS = (
					"DEBUG=1",
					"$(inherited)",
				);
				INFOPLIST_FILE = "RememberMeTests/RememberMeTests-Info.plist";
				PRODUCT_NAME = "$(TARGET_NAME)";
				TEST_HOST = "$(BUNDLE_LOADER)";
				WRAPPER_EXTENSION = xctest;
			};
			name = Debug;
		};
		C2BA79841816DFFD00F25769 /* Release */ = {
			isa = XCBuildConfiguration;
			buildSettings = {
				ARCHS = "$(ARCHS_STANDARD_INCLUDING_64_BIT)";
				BUNDLE_LOADER = "$(BUILT_PRODUCTS_DIR)/RememberMe.app/RememberMe";
				FRAMEWORK_SEARCH_PATHS = (
					"$(SDKROOT)/Developer/Library/Frameworks",
					"$(inherited)",
					"$(DEVELOPER_FRAMEWORKS_DIR)",
				);
				GCC_PRECOMPILE_PREFIX_HEADER = YES;
				GCC_PREFIX_HEADER = "RememberMe/RememberMe-Prefix.pch";
				INFOPLIST_FILE = "RememberMeTests/RememberMeTests-Info.plist";
				PRODUCT_NAME = "$(TARGET_NAME)";
				TEST_HOST = "$(BUNDLE_LOADER)";
				WRAPPER_EXTENSION = xctest;
			};
			name = Release;
		};
/* End XCBuildConfiguration section */

/* Begin XCConfigurationList section */
		C2BA79481816DFFD00F25769 /* Build configuration list for PBXProject "RememberMe" */ = {
			isa = XCConfigurationList;
			buildConfigurations = (
				C2BA797D1816DFFD00F25769 /* Debug */,
				C2BA797E1816DFFD00F25769 /* Release */,
			);
			defaultConfigurationIsVisible = 0;
			defaultConfigurationName = Release;
		};
		C2BA797F1816DFFD00F25769 /* Build configuration list for PBXNativeTarget "RememberMe" */ = {
			isa = XCConfigurationList;
			buildConfigurations = (
				C2BA79801816DFFD00F25769 /* Debug */,
				C2BA79811816DFFD00F25769 /* Release */,
			);
			defaultConfigurationIsVisible = 0;
			defaultConfigurationName = Release;
		};
		C2BA79821816DFFD00F25769 /* Build configuration list for PBXNativeTarget "RememberMeTests" */ = {
			isa = XCConfigurationList;
			buildConfigurations = (
				C2BA79831816DFFD00F25769 /* Debug */,
				C2BA79841816DFFD00F25769 /* Release */,
			);
			defaultConfigurationIsVisible = 0;
			defaultConfigurationName = Release;
		};
/* End XCConfigurationList section */

/* Begin XCVersionGroup section */
		C2BA79641816DFFD00F25769 /* RememberMe.xcdatamodeld */ = {
			isa = XCVersionGroup;
			children = (
				C2BA79651816DFFD00F25769 /* RememberMe.xcdatamodel */,
			);
			currentVersion = C2BA79651816DFFD00F25769 /* RememberMe.xcdatamodel */;
			path = RememberMe.xcdatamodeld;
			sourceTree = "<group>";
			versionGroupType = wrapper.xcdatamodel;
		};
/* End XCVersionGroup section */
	};
	rootObject = C2BA79451816DFFD00F25769 /* Project object */;
}
